
Microsoft Visual Studio Solution File, Format Version 12.00
# Visual Studio 15
VisualStudioVersion = 15.0.26124.0
MinimumVisualStudioVersion = 15.0.26124.0
Project("{FAE04EC0-301F-11D3-BF4B-00C04F79EFBC}") = "FPlus.Program", "FPlus.Program\FPlus.Program.csproj", "{0B9BCC00-CE9B-4EF3-85E0-AC4572F20F1C}"
EndProject
Project("{FAE04EC0-301F-11D3-BF4B-00C04F79EFBC}") = "FPlus.Tests", "FPlus.Tests\FPlus.Tests.csproj", "{C1D7F08C-6681-48E7-899E-0042C2E22390}"
EndProject
Global
	GlobalSection(SolutionConfigurationPlatforms) = preSolution
		Debug|Any CPU = Debug|Any CPU
		Debug|x64 = Debug|x64
		Debug|x86 = Debug|x86
		Release|Any CPU = Release|Any CPU
		Release|x64 = Release|x64
		Release|x86 = Release|x86
	EndGlobalSection
	GlobalSection(SolutionProperties) = preSolution
		HideSolutionNode = FALSE
	EndGlobalSection
	GlobalSection(ProjectConfigurationPlatforms) = postSolution
		{0B9BCC00-CE9B-4EF3-85E0-AC4572F20F1C}.Debug|Any CPU.ActiveCfg = Debug|Any CPU
		{0B9BCC00-CE9B-4EF3-85E0-AC4572F20F1C}.Debug|Any CPU.Build.0 = Debug|Any CPU
		{0B9BCC00-CE9B-4EF3-85E0-AC4572F20F1C}.Debug|x64.ActiveCfg = Debug|Any CPU
		{0B9BCC00-CE9B-4EF3-85E0-AC4572F20F1C}.Debug|x64.Build.0 = Debug|Any CPU
		{0B9BCC00-CE9B-4EF3-85E0-AC4572F20F1C}.Debug|x86.ActiveCfg = Debug|Any CPU
		{0B9BCC00-CE9B-4EF3-85E0-AC4572F20F1C}.Debug|x86.Build.0 = Debug|Any CPU
		{0B9BCC00-CE9B-4EF3-85E0-AC4572F20F1C}.Release|Any CPU.ActiveCfg = Release|Any CPU
		{0B9BCC00-CE9B-4EF3-85E0-AC4572F20F1C}.Release|Any CPU.Build.0 = Release|Any CPU
		{0B9BCC00-CE9B-4EF3-85E0-AC4572F20F1C}.Release|x64.ActiveCfg = Release|Any CPU
		{0B9BCC00-CE9B-4EF3-85E0-AC4572F20F1C}.Release|x64.Build.0 = Release|Any CPU
		{0B9BCC00-CE9B-4EF3-85E0-AC4572F20F1C}.Release|x86.ActiveCfg = Release|Any CPU
		{0B9BCC00-CE9B-4EF3-85E0-AC4572F20F1C}.Release|x86.Build.0 = Release|Any CPU
		{C1D7F08C-6681-48E7-899E-0042C2E22390}.Debug|Any CPU.ActiveCfg = Debug|Any CPU
		{C1D7F08C-6681-48E7-899E-0042C2E22390}.Debug|Any CPU.Build.0 = Debug|Any CPU
		{C1D7F08C-6681-48E7-899E-0042C2E22390}.Debug|x64.ActiveCfg = Debug|Any CPU
		{C1D7F08C-6681-48E7-899E-0042C2E22390}.Debug|x64.Build.0 = Debug|Any CPU
		{C1D7F08C-6681-48E7-899E-0042C2E22390}.Debug|x86.ActiveCfg = Debug|Any CPU
		{C1D7F08C-6681-48E7-899E-0042C2E22390}.Debug|x86.Build.0 = Debug|Any CPU
		{C1D7F08C-6681-48E7-899E-0042C2E22390}.Release|Any CPU.ActiveCfg = Release|Any CPU
		{C1D7F08C-6681-48E7-899E-0042C2E22390}.Release|Any CPU.Build.0 = Release|Any CPU
		{C1D7F08C-6681-48E7-899E-0042C2E22390}.Release|x64.ActiveCfg = Release|Any CPU
		{C1D7F08C-6681-48E7-899E-0042C2E22390}.Release|x64.Build.0 = Release|Any CPU
		{C1D7F08C-6681-48E7-899E-0042C2E22390}.Release|x86.ActiveCfg = Release|Any CPU
		{C1D7F08C-6681-48E7-899E-0042C2E22390}.Release|x86.Build.0 = Release|Any CPU
	EndGlobalSection
EndGlobal
